{
    "hash": "780a8ea783fe30fef33b0faf9fb6e14f",
    "packages": [
        {
            "name": "twig/twig",
            "version": "v1.12.2",
            "source": {
                "type": "git",
                "url": "git://github.com/fabpot/Twig.git",
                "reference": "v1.12.2"
            },
            "dist": {
                "type": "zip",
                "url": "https://api.github.com/repos/fabpot/Twig/zipball/v1.12.2",
                "reference": "v1.12.2",
                "shasum": ""
            },
            "require": {
                "php": ">=5.2.4"
            },
            "type": "library",
            "extra": {
                "branch-alias": {
                    "dev-master": "1.12-dev"
                }
            },
            "autoload": {
                "psr-0": {
                    "Twig_": "lib/"
                }
            },
            "notification-url": "http://packagist.org/downloads/",
            "license": [
                "BSD-3"
            ],
            "authors": [
                {
                    "name": "Fabien Potencier",
                    "email": "fabien@symfony.com"
                },
                {
                    "name": "Armin Ronacher",
                    "email": "armin.ronacher@active-4.com"
                }
            ],
            "description": "Twig, the flexible, fast, and secure template language for PHP",
            "homepage": "http://twig.sensiolabs.org",
            "keywords": [
                "templating"
            ],
            "time": "2013-02-09 18:21:53"
        },
        {
            "name": "zendexperts/ze-db",
            "version": "dev-master",
            "source": {
                "type": "git",
                "url": "https://github.com/ZendExperts/ZeDb.git",
                "reference": "6805b1b80eee830ae239db464670bc4f4c3d94b8"
            },
            "dist": {
                "type": "zip",
                "url": "https://api.github.com/repos/ZendExperts/ZeDb/zipball/6805b1b80eee830ae239db464670bc4f4c3d94b8",
                "reference": "6805b1b80eee830ae239db464670bc4f4c3d94b8",
                "shasum": ""
            },
            "require": {
                "php": ">=5.3.3"
            },
            "type": "library",
            "extra": {
                "branch-alias": {
                    "dev-master": "1.0.x-dev"
                }
            },
            "autoload": {
                "psr-0": {
                    "ZeDb": "src/"
                },
                "classmap": [
                    "./"
                ]
            },
            "notification-url": "http://packagist.org/downloads/",
            "license": [
                "New BSD"
            ],
            "authors": [
                {
                    "name": "Cosmin Harangus",
                    "homepage": "http://www.zendexperts.com"
                }
            ],
            "description": "A ZF2 module that allows developers to focus on the entities they work with, instead of how to retrieve or store data in the database.",
            "homepage": "https://github.com/ZendExperts/ZeDb",
            "keywords": [
                "database",
                "module",
                "orm",
                "zf2"
            ],
            "time": "2012-12-13 12:39:01"
        },
        {
            "name": "zendexperts/ze-theme",
            "version": "dev-master",
            "source": {
                "type": "git",
                "url": "https://github.com/ZendExperts/ZeTheme.git",
                "reference": "5ba029e5395c34c77291819ca56509221bd75e33"
            },
            "dist": {
                "type": "zip",
                "url": "https://api.github.com/repos/ZendExperts/ZeTheme/zipball/5ba029e5395c34c77291819ca56509221bd75e33",
                "reference": "5ba029e5395c34c77291819ca56509221bd75e33",
                "shasum": ""
            },
            "require": {
                "php": ">=5.3.3"
            },
            "type": "library",
            "extra": {
                "branch-alias": {
                    "dev-master": "1.0.x-dev"
                }
            },
            "autoload": {
                "psr-0": {
                    "ZeTheme": "src/"
                },
                "classmap": [
                    "./"
                ]
            },
            "notification-url": "http://packagist.org/downloads/",
            "license": [
                "New BSD"
            ],
            "authors": [
                {
                    "name": "Cosmin Harangus",
                    "homepage": "http://www.zendexperts.com"
                }
            ],
            "description": "ZeTheme is a Zend Framework 2 module that allows you to switch between various themes. The module does not contain any themes, but you can create your own.",
            "homepage": "https://github.com/ZendExperts/ZeTheme",
            "keywords": [
                "module",
                "templating",
                "view",
                "zf2"
            ],
            "time": "2013-01-08 21:57:16"
        },
        {
            "name": "zendframework/zendframework",
            "version": "2.1.3",
            "source": {
                "type": "git",
                "url": "https://github.com/zendframework/zf2.git",
                "reference": "release-2.1.3"
            },
            "dist": {
                "type": "zip",
                "url": "https://api.github.com/repos/zendframework/zf2/zipball/release-2.1.3",
                "reference": "release-2.1.3",
                "shasum": ""
            },
            "require": {
                "php": ">=5.3.3"
            },
            "replace": {
                "zendframework/zend-authentication": "self.version",
                "zendframework/zend-barcode": "self.version",
                "zendframework/zend-cache": "self.version",
                "zendframework/zend-captcha": "self.version",
                "zendframework/zend-code": "self.version",
                "zendframework/zend-config": "self.version",
                "zendframework/zend-console": "self.version",
                "zendframework/zend-crypt": "self.version",
                "zendframework/zend-db": "self.version",
                "zendframework/zend-debug": "self.version",
                "zendframework/zend-di": "self.version",
                "zendframework/zend-dom": "self.version",
                "zendframework/zend-escaper": "self.version",
                "zendframework/zend-eventmanager": "self.version",
                "zendframework/zend-feed": "self.version",
                "zendframework/zend-file": "self.version",
                "zendframework/zend-filter": "self.version",
                "zendframework/zend-form": "self.version",
                "zendframework/zend-http": "self.version",
                "zendframework/zend-i18n": "self.version",
                "zendframework/zend-inputfilter": "self.version",
                "zendframework/zend-json": "self.version",
                "zendframework/zend-ldap": "self.version",
                "zendframework/zend-loader": "self.version",
                "zendframework/zend-log": "self.version",
                "zendframework/zend-mail": "self.version",
                "zendframework/zend-math": "self.version",
                "zendframework/zend-memory": "self.version",
                "zendframework/zend-mime": "self.version",
                "zendframework/zend-modulemanager": "self.version",
                "zendframework/zend-mvc": "self.version",
                "zendframework/zend-navigation": "self.version",
                "zendframework/zend-paginator": "self.version",
                "zendframework/zend-permissions-acl": "self.version",
                "zendframework/zend-permissions-rbac": "self.version",
                "zendframework/zend-progressbar": "self.version",
                "zendframework/zend-serializer": "self.version",
                "zendframework/zend-server": "self.version",
                "zendframework/zend-servicemanager": "self.version",
                "zendframework/zend-session": "self.version",
                "zendframework/zend-soap": "self.version",
                "zendframework/zend-stdlib": "self.version",
                "zendframework/zend-tag": "self.version",
                "zendframework/zend-test": "self.version",
                "zendframework/zend-text": "self.version",
                "zendframework/zend-uri": "self.version",
                "zendframework/zend-validator": "self.version",
                "zendframework/zend-version": "self.version",
                "zendframework/zend-view": "self.version",
                "zendframework/zend-xmlrpc": "self.version"
            },
            "require-dev": {
                "doctrine/common": ">=2.1",
                "phpunit/phpunit": "3.7.*"
            },
            "suggest": {
                "doctrine/common": "Doctrine\\Common >=2.1 for annotation features",
                "ext-intl": "ext/intl for i18n features",
                "pecl-weakref": "Implementation of weak references for Zend\\Stdlib\\CallbackHandler",
                "zendframework/zendpdf": "ZendPdf for creating PDF representations of barcodes",
                "zendframework/zendservice-recaptcha": "ZendService\\ReCaptcha for rendering ReCaptchas in Zend\\Captcha and/or Zend\\Form"
            },
            "bin": [
                "bin/classmap_generator.php"
            ],
            "type": "library",
            "extra": {
                "branch-alias": {
                    "dev-master": "2.1-dev",
                    "dev-develop": "2.2-dev"
                }
            },
            "autoload": {
                "psr-0": {
                    "Zend\\": "library/",
                    "ZendTest\\": "tests/"
                },
                "files": [
                    "library/Zend/Stdlib/compatibility/autoload.php",
                    "library/Zend/Session/compatibility/autoload.php"
                ]
            },
            "notification-url": "http://packagist.org/downloads/",
            "license": [
                "BSD-3-Clause"
            ],
            "description": "Zend Framework 2",
            "homepage": "http://framework.zend.com/",
            "keywords": [
                "framework",
                "zf2"
            ],
            "time": "2013-02-21 21:00:16"
        },
        {
            "name": "zf-commons/zfc-twig",
            "version": "1.0.3",
            "source": {
                "type": "git",
                "url": "git://github.com/ZF-Commons/ZfcTwig.git",
                "reference": "1.0.3"
            },
            "dist": {
                "type": "zip",
                "url": "https://api.github.com/repos/ZF-Commons/ZfcTwig/zipball/1.0.3",
                "reference": "1.0.3",
                "shasum": ""
            },
            "require": {
                "php": ">=5.3.3",
                "twig/twig": "1.12.*"
            },
            "type": "library",
            "autoload": {
                "psr-0": {
                    "ZfcTwig\\": "src/"
                }
            },
            "notification-url": "http://packagist.org/downloads/",
            "authors": [
                {
                    "name": "Kyle Spraggs",
                    "email": "theman@spiffyjr.me",
                    "homepage": "http://www.spiffyjr.me/"
                },
                {
                    "name": "Cosmin Harangus",
                    "email": "cosmin@zendexperts.com",
                    "homepage": "http://www.zendexperts.com/"
                }
            ],
            "description": "Zend Framework 2 Module that provides a Twig rendering strategy and extensions to render actions or trigger events from your templates",
            "homepage": "http://www.github.com/ZF-Commons/ZfcTwig/",
            "keywords": [
                "module",
                "twig",
                "zf2"
            ],
            "time": "2013-02-08 21:31:54"
        }
    ],
    "packages-dev": null,
    "aliases": [

    ],
    "minimum-stability": "stable",
    "stability-flags": {
        "zendexperts/ze-db": 20,
        "zendexperts/ze-theme": 20
    }
}
